// !$*UTF8*$!
{
	archiveVersion = 1;
	classes = {
	};
	objectVersion = 56;
	objects = {

/* Begin PBXBuildFile section */
		A32D08D72BE32DEF00DA7A45 /* AppSettings.swift in Sources */ = {isa = PBXBuildFile; fileRef = A32D08D62BE32DEF00DA7A45 /* AppSettings.swift */; };
		A37451302BCB0753004C741D /* AudioRecorder.swift in Sources */ = {isa = PBXBuildFile; fileRef = A374512F2BCB0753004C741D /* AudioRecorder.swift */; };
		A37451342BCCE7B7004C741D /* ConversationView.swift in Sources */ = {isa = PBXBuildFile; fileRef = A37451332BCCE7B7004C741D /* ConversationView.swift */; };
		A37451362BCCF28C004C741D /* InputView.swift in Sources */ = {isa = PBXBuildFile; fileRef = A37451352BCCF28C004C741D /* InputView.swift */; };
		A37451392BCCFFE0004C741D /* ChatHistoryView.swift in Sources */ = {isa = PBXBuildFile; fileRef = A37451382BCCFFE0004C741D /* ChatHistoryView.swift */; };
		A37AA7182BC4F40F00A689B7 /* ChatBotApp.swift in Sources */ = {isa = PBXBuildFile; fileRef = A37AA7172BC4F40F00A689B7 /* ChatBotApp.swift */; };
		A37AA71A2BC4F40F00A689B7 /* ContentView.swift in Sources */ = {isa = PBXBuildFile; fileRef = A37AA7192BC4F40F00A689B7 /* ContentView.swift */; };
		A37AA71C2BC4F40F00A689B7 /* Item.swift in Sources */ = {isa = PBXBuildFile; fileRef = A37AA71B2BC4F40F00A689B7 /* Item.swift */; };
		A37AA71E2BC4F41000A689B7 /* Assets.xcassets in Resources */ = {isa = PBXBuildFile; fileRef = A37AA71D2BC4F41000A689B7 /* Assets.xcassets */; };
		A37AA7212BC4F41000A689B7 /* Preview Assets.xcassets in Resources */ = {isa = PBXBuildFile; fileRef = A37AA7202BC4F41000A689B7 /* Preview Assets.xcassets */; };
		A37AA7292BC603D500A689B7 /* NetworkManager.swift in Sources */ = {isa = PBXBuildFile; fileRef = A37AA7282BC603D500A689B7 /* NetworkManager.swift */; };
		A37AA7302BC6099400A689B7 /* Message.swift in Sources */ = {isa = PBXBuildFile; fileRef = A37AA72F2BC6099400A689B7 /* Message.swift */; };
		A37AA7322BC60E2400A689B7 /* Chat.swift in Sources */ = {isa = PBXBuildFile; fileRef = A37AA7312BC60E2400A689B7 /* Chat.swift */; };
		A37AA7342BC6337C00A689B7 /* APIResponse.swift in Sources */ = {isa = PBXBuildFile; fileRef = A37AA7332BC6337C00A689B7 /* APIResponse.swift */; };
		A37AA7362BC6559000A689B7 /* DataModel.swift in Sources */ = {isa = PBXBuildFile; fileRef = A37AA7352BC6559000A689B7 /* DataModel.swift */; };
		A37AA7382BC6587700A689B7 /* RequestBody.swift in Sources */ = {isa = PBXBuildFile; fileRef = A37AA7372BC6587700A689B7 /* RequestBody.swift */; };
		A37AA73A2BC659DF00A689B7 /* APIMessage.swift in Sources */ = {isa = PBXBuildFile; fileRef = A37AA7392BC659DF00A689B7 /* APIMessage.swift */; };
		A3D5574A2C646B2A00CF2AB3 /* config.plist in Resources */ = {isa = PBXBuildFile; fileRef = A3D557492C64664B00CF2AB3 /* config.plist */; };
/* End PBXBuildFile section */

/* Begin PBXFileReference section */
		A32D08D62BE32DEF00DA7A45 /* AppSettings.swift */ = {isa = PBXFileReference; lastKnownFileType = sourcecode.swift; path = AppSettings.swift; sourceTree = "<group>"; };
		A374512F2BCB0753004C741D /* AudioRecorder.swift */ = {isa = PBXFileReference; lastKnownFileType = sourcecode.swift; path = AudioRecorder.swift; sourceTree = "<group>"; };
		A37451312BCC6347004C741D /* Info.plist */ = {isa = PBXFileReference; lastKnownFileType = text.plist; path = Info.plist; sourceTree = "<group>"; };
		A37451332BCCE7B7004C741D /* ConversationView.swift */ = {isa = PBXFileReference; lastKnownFileType = sourcecode.swift; path = ConversationView.swift; sourceTree = "<group>"; };
		A37451352BCCF28C004C741D /* InputView.swift */ = {isa = PBXFileReference; lastKnownFileType = sourcecode.swift; path = InputView.swift; sourceTree = "<group>"; };
		A37451382BCCFFE0004C741D /* ChatHistoryView.swift */ = {isa = PBXFileReference; lastKnownFileType = sourcecode.swift; path = ChatHistoryView.swift; sourceTree = "<group>"; };
		A37AA7142BC4F40F00A689B7 /* EchoMate.app */ = {isa = PBXFileReference; explicitFileType = wrapper.application; includeInIndex = 0; path = EchoMate.app; sourceTree = BUILT_PRODUCTS_DIR; };
		A37AA7172BC4F40F00A689B7 /* ChatBotApp.swift */ = {isa = PBXFileReference; lastKnownFileType = sourcecode.swift; path = ChatBotApp.swift; sourceTree = "<group>"; };
		A37AA7192BC4F40F00A689B7 /* ContentView.swift */ = {isa = PBXFileReference; lastKnownFileType = sourcecode.swift; path = ContentView.swift; sourceTree = "<group>"; };
		A37AA71B2BC4F40F00A689B7 /* Item.swift */ = {isa = PBXFileReference; lastKnownFileType = sourcecode.swift; path = Item.swift; sourceTree = "<group>"; };
		A37AA71D2BC4F41000A689B7 /* Assets.xcassets */ = {isa = PBXFileReference; lastKnownFileType = folder.assetcatalog; path = Assets.xcassets; sourceTree = "<group>"; };
		A37AA7202BC4F41000A689B7 /* Preview Assets.xcassets */ = {isa = PBXFileReference; lastKnownFileType = folder.assetcatalog; path = "Preview Assets.xcassets"; sourceTree = "<group>"; };
		A37AA7222BC4F41000A689B7 /* ChatBot.entitlements */ = {isa = PBXFileReference; lastKnownFileType = text.plist.entitlements; path = ChatBot.entitlements; sourceTree = "<group>"; };
		A37AA7282BC603D500A689B7 /* NetworkManager.swift */ = {isa = PBXFileReference; lastKnownFileType = sourcecode.swift; path = NetworkManager.swift; sourceTree = "<group>"; };
		A37AA72F2BC6099400A689B7 /* Message.swift */ = {isa = PBXFileReference; lastKnownFileType = sourcecode.swift; path = Message.swift; sourceTree = "<group>"; };
		A37AA7312BC60E2400A689B7 /* Chat.swift */ = {isa = PBXFileReference; lastKnownFileType = sourcecode.swift; path = Chat.swift; sourceTree = "<group>"; };
		A37AA7332BC6337C00A689B7 /* APIResponse.swift */ = {isa = PBXFileReference; lastKnownFileType = sourcecode.swift; path = APIResponse.swift; sourceTree = "<group>"; };
		A37AA7352BC6559000A689B7 /* DataModel.swift */ = {isa = PBXFileReference; lastKnownFileType = sourcecode.swift; path = DataModel.swift; sourceTree = "<group>"; };
		A37AA7372BC6587700A689B7 /* RequestBody.swift */ = {isa = PBXFileReference; lastKnownFileType = sourcecode.swift; path = RequestBody.swift; sourceTree = "<group>"; };
		A37AA7392BC659DF00A689B7 /* APIMessage.swift */ = {isa = PBXFileReference; lastKnownFileType = sourcecode.swift; path = APIMessage.swift; sourceTree = "<group>"; };
		A3D557492C64664B00CF2AB3 /* config.plist */ = {isa = PBXFileReference; lastKnownFileType = text.plist.xml; path = config.plist; sourceTree = "<group>"; };
/* End PBXFileReference section */

/* Begin PBXFrameworksBuildPhase section */
		A37AA7112BC4F40F00A689B7 /* Frameworks */ = {
			isa = PBXFrameworksBuildPhase;
			buildActionMask = 2147483647;
			files = (
			);
			runOnlyForDeploymentPostprocessing = 0;
		};
/* End PBXFrameworksBuildPhase section */

/* Begin PBXGroup section */
		A37451322BCCE7A9004C741D /* View */ = {
			isa = PBXGroup;
			children = (
				A37451332BCCE7B7004C741D /* ConversationView.swift */,
				A37451352BCCF28C004C741D /* InputView.swift */,
				A37451382BCCFFE0004C741D /* ChatHistoryView.swift */,
			);
			path = View;
			sourceTree = "<group>";
		};
		A37451372BCCF4C7004C741D /* Controller */ = {
			isa = PBXGroup;
			children = (
				A37AA7282BC603D500A689B7 /* NetworkManager.swift */,
				A374512F2BCB0753004C741D /* AudioRecorder.swift */,
			);
			path = Controller;
			sourceTree = "<group>";
		};
		A37AA70B2BC4F40F00A689B7 = {
			isa = PBXGroup;
			children = (
				A37AA7162BC4F40F00A689B7 /* ChatBot */,
				A37AA7152BC4F40F00A689B7 /* Products */,
			);
			sourceTree = "<group>";
		};
		A37AA7152BC4F40F00A689B7 /* Products */ = {
			isa = PBXGroup;
			children = (
				A37AA7142BC4F40F00A689B7 /* EchoMate.app */,
			);
			name = Products;
			sourceTree = "<group>";
		};
		A37AA7162BC4F40F00A689B7 /* ChatBot */ = {
			isa = PBXGroup;
			children = (
				A37AA7172BC4F40F00A689B7 /* ChatBotApp.swift */,
				A37AA7192BC4F40F00A689B7 /* ContentView.swift */,
				A37451322BCCE7A9004C741D /* View */,
				A37451372BCCF4C7004C741D /* Controller */,
				A37AA72E2BC6093E00A689B7 /* DataModel */,
				A37AA71D2BC4F41000A689B7 /* Assets.xcassets */,
				A37AA7222BC4F41000A689B7 /* ChatBot.entitlements */,
				A37451312BCC6347004C741D /* Info.plist */,
				A37AA71F2BC4F41000A689B7 /* Preview Content */,
				A3D557492C64664B00CF2AB3 /* config.plist */,
			);
			path = ChatBot;
			sourceTree = "<group>";
		};
		A37AA71F2BC4F41000A689B7 /* Preview Content */ = {
			isa = PBXGroup;
			children = (
				A37AA7202BC4F41000A689B7 /* Preview Assets.xcassets */,
			);
			path = "Preview Content";
			sourceTree = "<group>";
		};
		A37AA72E2BC6093E00A689B7 /* DataModel */ = {
			isa = PBXGroup;
			children = (
				A37AA71B2BC4F40F00A689B7 /* Item.swift */,
				A37AA72F2BC6099400A689B7 /* Message.swift */,
				A37AA7312BC60E2400A689B7 /* Chat.swift */,
				A37AA7332BC6337C00A689B7 /* APIResponse.swift */,
				A37AA7372BC6587700A689B7 /* RequestBody.swift */,
				A37AA7352BC6559000A689B7 /* DataModel.swift */,
				A37AA7392BC659DF00A689B7 /* APIMessage.swift */,
				A32D08D62BE32DEF00DA7A45 /* AppSettings.swift */,
			);
			path = DataModel;
			sourceTree = "<group>";
		};
/* End PBXGroup section */

/* Begin PBXNativeTarget section */
		A37AA7132BC4F40F00A689B7 /* EchoMate */ = {
			isa = PBXNativeTarget;
			buildConfigurationList = A37AA7252BC4F41000A689B7 /* Build configuration list for PBXNativeTarget "EchoMate" */;
			buildPhases = (
				A37AA7102BC4F40F00A689B7 /* Sources */,
				A37AA7112BC4F40F00A689B7 /* Frameworks */,
				A37AA7122BC4F40F00A689B7 /* Resources */,
			);
			buildRules = (
			);
			dependencies = (
			);
			name = EchoMate;
			packageProductDependencies = (
			);
			productName = ChatBot;
			productReference = A37AA7142BC4F40F00A689B7 /* EchoMate.app */;
			productType = "com.apple.product-type.application";
		};
/* End PBXNativeTarget section */

/* Begin PBXProject section */
		A37AA70C2BC4F40F00A689B7 /* Project object */ = {
			isa = PBXProject;
			attributes = {
				BuildIndependentTargetsInParallel = 1;
				LastSwiftUpdateCheck = 1530;
				LastUpgradeCheck = 1530;
				TargetAttributes = {
					A37AA7132BC4F40F00A689B7 = {
						CreatedOnToolsVersion = 15.3;
					};
				};
			};
			buildConfigurationList = A37AA70F2BC4F40F00A689B7 /* Build configuration list for PBXProject "EchoMate" */;
			compatibilityVersion = "Xcode 14.0";
			developmentRegion = en;
			hasScannedForEncodings = 0;
			knownRegions = (
				en,
				Base,
			);
			mainGroup = A37AA70B2BC4F40F00A689B7;
			packageReferences = (
			);
			productRefGroup = A37AA7152BC4F40F00A689B7 /* Products */;
			projectDirPath = "";
			projectRoot = "";
			targets = (
				A37AA7132BC4F40F00A689B7 /* EchoMate */,
			);
		};
/* End PBXProject section */

/* Begin PBXResourcesBuildPhase section */
		A37AA7122BC4F40F00A689B7 /* Resources */ = {
			isa = PBXResourcesBuildPhase;
			buildActionMask = 2147483647;
			files = (
				A37AA7212BC4F41000A689B7 /* Preview Assets.xcassets in Resources */,
				A37AA71E2BC4F41000A689B7 /* Assets.xcassets in Resources */,
				A3D5574A2C646B2A00CF2AB3 /* config.plist in Resources */,
			);
			runOnlyForDeploymentPostprocessing = 0;
		};
/* End PBXResourcesBuildPhase section */

/* Begin PBXSourcesBuildPhase section */
		A37AA7102BC4F40F00A689B7 /* Sources */ = {
			isa = PBXSourcesBuildPhase;
			buildActionMask = 2147483647;
			files = (
				A37451362BCCF28C004C741D /* InputView.swift in Sources */,
				A37451392BCCFFE0004C741D /* ChatHistoryView.swift in Sources */,
				A37AA7292BC603D500A689B7 /* NetworkManager.swift in Sources */,
				A37AA7322BC60E2400A689B7 /* Chat.swift in Sources */,
				A37AA7342BC6337C00A689B7 /* APIResponse.swift in Sources */,
				A37AA71A2BC4F40F00A689B7 /* ContentView.swift in Sources */,
				A37AA7302BC6099400A689B7 /* Message.swift in Sources */,
				A37451302BCB0753004C741D /* AudioRecorder.swift in Sources */,
				A32D08D72BE32DEF00DA7A45 /* AppSettings.swift in Sources */,
				A37AA7382BC6587700A689B7 /* RequestBody.swift in Sources */,
				A37AA7362BC6559000A689B7 /* DataModel.swift in Sources */,
				A37AA71C2BC4F40F00A689B7 /* Item.swift in Sources */,
				A37AA73A2BC659DF00A689B7 /* APIMessage.swift in Sources */,
				A37AA7182BC4F40F00A689B7 /* ChatBotApp.swift in Sources */,
				A37451342BCCE7B7004C741D /* ConversationView.swift in Sources */,
			);
			runOnlyForDeploymentPostprocessing = 0;
		};
/* End PBXSourcesBuildPhase section */

/* Begin XCBuildConfiguration section */
		A37AA7232BC4F41000A689B7 /* Debug */ = {
			isa = XCBuildConfiguration;
			buildSettings = {
				ALWAYS_SEARCH_USER_PATHS = NO;
				ASSETCATALOG_COMPILER_GENERATE_SWIFT_ASSET_SYMBOL_EXTENSIONS = YES;
				CLANG_ANALYZER_NONNULL = YES;
				CLANG_ANALYZER_NUMBER_OBJECT_CONVERSION = YES_AGGRESSIVE;
				CLANG_CXX_LANGUAGE_STANDARD = "gnu++20";
				CLANG_ENABLE_MODULES = YES;
				CLANG_ENABLE_OBJC_ARC = YES;
				CLANG_ENABLE_OBJC_WEAK = YES;
				CLANG_WARN_BLOCK_CAPTURE_AUTORELEASING = YES;
				CLANG_WARN_BOOL_CONVERSION = YES;
				CLANG_WARN_COMMA = YES;
				CLANG_WARN_CONSTANT_CONVERSION = YES;
				CLANG_WARN_DEPRECATED_OBJC_IMPLEMENTATIONS = YES;
				CLANG_WARN_DIRECT_OBJC_ISA_USAGE = YES_ERROR;
				CLANG_WARN_DOCUMENTATION_COMMENTS = YES;
				CLANG_WARN_EMPTY_BODY = YES;
				CLANG_WARN_ENUM_CONVERSION = YES;
				CLANG_WARN_INFINITE_RECURSION = YES;
				CLANG_WARN_INT_CONVERSION = YES;
				CLANG_WARN_NON_LITERAL_NULL_CONVERSION = YES;
				CLANG_WARN_OBJC_IMPLICIT_RETAIN_SELF = YES;
				CLANG_WARN_OBJC_LITERAL_CONVERSION = YES;
				CLANG_WARN_OBJC_ROOT_CLASS = YES_ERROR;
				CLANG_WARN_QUOTED_INCLUDE_IN_FRAMEWORK_HEADER = YES;
				CLANG_WARN_RANGE_LOOP_ANALYSIS = YES;
				CLANG_WARN_STRICT_PROTOTYPES = YES;
				CLANG_WARN_SUSPICIOUS_MOVE = YES;
				CLANG_WARN_UNGUARDED_AVAILABILITY = YES_AGGRESSIVE;
				CLANG_WARN_UNREACHABLE_CODE = YES;
				CLANG_WARN__DUPLICATE_METHOD_MATCH = YES;
				COPY_PHASE_STRIP = NO;
				DEBUG_INFORMATION_FORMAT = dwarf;
				ENABLE_STRICT_OBJC_MSGSEND = YES;
				ENABLE_TESTABILITY = YES;
				ENABLE_USER_SCRIPT_SANDBOXING = YES;
				GCC_C_LANGUAGE_STANDARD = gnu17;
				GCC_DYNAMIC_NO_PIC = NO;
				GCC_NO_COMMON_BLOCKS = YES;
				GCC_OPTIMIZATION_LEVEL = 0;
				GCC_PREPROCESSOR_DEFINITIONS = (
					"DEBUG=1",
					"$(inherited)",
				);
				GCC_WARN_64_TO_32_BIT_CONVERSION = YES;
				GCC_WARN_ABOUT_RETURN_TYPE = YES_ERROR;
				GCC_WARN_UNDECLARED_SELECTOR = YES;
				GCC_WARN_UNINITIALIZED_AUTOS = YES_AGGRESSIVE;
				GCC_WARN_UNUSED_FUNCTION = YES;
				GCC_WARN_UNUSED_VARIABLE = YES;
				LOCALIZATION_PREFERS_STRING_CATALOGS = YES;
				MACOSX_DEPLOYMENT_TARGET = 14.4;
				MTL_ENABLE_DEBUG_INFO = INCLUDE_SOURCE;
				MTL_FAST_MATH = YES;
				ONLY_ACTIVE_ARCH = YES;
				SDKROOT = macosx;
				SWIFT_ACTIVE_COMPILATION_CONDITIONS = "DEBUG $(inherited)";
				SWIFT_OPTIMIZATION_LEVEL = "-Onone";
			};
			name = Debug;
		};
		A37AA7242BC4F41000A689B7 /* Release */ = {
			isa = XCBuildConfiguration;
			buildSettings = {
				ALWAYS_SEARCH_USER_PATHS = NO;
				ASSETCATALOG_COMPILER_GENERATE_SWIFT_ASSET_SYMBOL_EXTENSIONS = YES;
				CLANG_ANALYZER_NONNULL = YES;
				CLANG_ANALYZER_NUMBER_OBJECT_CONVERSION = YES_AGGRESSIVE;
				CLANG_CXX_LANGUAGE_STANDARD = "gnu++20";
				CLANG_ENABLE_MODULES = YES;
				CLANG_ENABLE_OBJC_ARC = YES;
				CLANG_ENABLE_OBJC_WEAK = YES;
				CLANG_WARN_BLOCK_CAPTURE_AUTORELEASING = YES;
				CLANG_WARN_BOOL_CONVERSION = YES;
				CLANG_WARN_COMMA = YES;
				CLANG_WARN_CONSTANT_CONVERSION = YES;
				CLANG_WARN_DEPRECATED_OBJC_IMPLEMENTATIONS = YES;
				CLANG_WARN_DIRECT_OBJC_ISA_USAGE = YES_ERROR;
				CLANG_WARN_DOCUMENTATION_COMMENTS = YES;
				CLANG_WARN_EMPTY_BODY = YES;
				CLANG_WARN_ENUM_CONVERSION = YES;
				CLANG_WARN_INFINITE_RECURSION = YES;
				CLANG_WARN_INT_CONVERSION = YES;
				CLANG_WARN_NON_LITERAL_NULL_CONVERSION = YES;
				CLANG_WARN_OBJC_IMPLICIT_RETAIN_SELF = YES;
				CLANG_WARN_OBJC_LITERAL_CONVERSION = YES;
				CLANG_WARN_OBJC_ROOT_CLASS = YES_ERROR;
				CLANG_WARN_QUOTED_INCLUDE_IN_FRAMEWORK_HEADER = YES;
				CLANG_WARN_RANGE_LOOP_ANALYSIS = YES;
				CLANG_WARN_STRICT_PROTOTYPES = YES;
				CLANG_WARN_SUSPICIOUS_MOVE = YES;
				CLANG_WARN_UNGUARDED_AVAILABILITY = YES_AGGRESSIVE;
				CLANG_WARN_UNREACHABLE_CODE = YES;
				CLANG_WARN__DUPLICATE_METHOD_MATCH = YES;
				COPY_PHASE_STRIP = NO;
				DEBUG_INFORMATION_FORMAT = "dwarf-with-dsym";
				ENABLE_NS_ASSERTIONS = NO;
				ENABLE_STRICT_OBJC_MSGSEND = YES;
				ENABLE_USER_SCRIPT_SANDBOXING = YES;
				GCC_C_LANGUAGE_STANDARD = gnu17;
				GCC_NO_COMMON_BLOCKS = YES;
				GCC_WARN_64_TO_32_BIT_CONVERSION = YES;
				GCC_WARN_ABOUT_RETURN_TYPE = YES_ERROR;
				GCC_WARN_UNDECLARED_SELECTOR = YES;
				GCC_WARN_UNINITIALIZED_AUTOS = YES_AGGRESSIVE;
				GCC_WARN_UNUSED_FUNCTION = YES;
				GCC_WARN_UNUSED_VARIABLE = YES;
				LOCALIZATION_PREFERS_STRING_CATALOGS = YES;
				MACOSX_DEPLOYMENT_TARGET = 14.4;
				MTL_ENABLE_DEBUG_INFO = NO;
				MTL_FAST_MATH = YES;
				SDKROOT = macosx;
				SWIFT_COMPILATION_MODE = wholemodule;
			};
			name = Release;
		};
		A37AA7262BC4F41000A689B7 /* Debug */ = {
			isa = XCBuildConfiguration;
			buildSettings = {
				ASSETCATALOG_COMPILER_APPICON_NAME = AppIcon;
				ASSETCATALOG_COMPILER_GLOBAL_ACCENT_COLOR_NAME = AccentColor;
				CODE_SIGN_ENTITLEMENTS = ChatBot/ChatBot.entitlements;
				CODE_SIGN_STYLE = Automatic;
				COMBINE_HIDPI_IMAGES = YES;
				CURRENT_PROJECT_VERSION = 1;
				DEVELOPMENT_ASSET_PATHS = "\"ChatBot/Preview Content\"";
				ENABLE_PREVIEWS = YES;
				GENERATE_INFOPLIST_FILE = YES;
				INFOPLIST_FILE = ChatBot/Info.plist;
				INFOPLIST_KEY_NSHumanReadableCopyright = "";
				INFOPLIST_KEY_NSMicrophoneUsageDescription = "This app requires microphone access to record audio.";
				LD_RUNPATH_SEARCH_PATHS = (
					"$(inherited)",
					"@executable_path/../Frameworks",
				);
				MACOSX_DEPLOYMENT_TARGET = 14.0;
				MARKETING_VERSION = 1.0;
				PRODUCT_BUNDLE_IDENTIFIER = edu.HRG.ChatBot;
				PRODUCT_NAME = "$(TARGET_NAME)";
				SWIFT_EMIT_LOC_STRINGS = YES;
				SWIFT_VERSION = 5.0;
			};
			name = Debug;
		};
		A37AA7272BC4F41000A689B7 /* Release */ = {
			isa = XCBuildConfiguration;
			buildSettings = {
				ASSETCATALOG_COMPILER_APPICON_NAME = AppIcon;
				ASSETCATALOG_COMPILER_GLOBAL_ACCENT_COLOR_NAME = AccentColor;
				CODE_SIGN_ENTITLEMENTS = ChatBot/ChatBot.entitlements;
				CODE_SIGN_STYLE = Automatic;
				COMBINE_HIDPI_IMAGES = YES;
				CURRENT_PROJECT_VERSION = 1;
				DEVELOPMENT_ASSET_PATHS = "\"ChatBot/Preview Content\"";
				ENABLE_PREVIEWS = YES;
				GENERATE_INFOPLIST_FILE = YES;
				INFOPLIST_FILE = ChatBot/Info.plist;
				INFOPLIST_KEY_NSHumanReadableCopyright = "";
				INFOPLIST_KEY_NSMicrophoneUsageDescription = "This app requires microphone access to record audio.";
				LD_RUNPATH_SEARCH_PATHS = (
					"$(inherited)",
					"@executable_path/../Frameworks",
				);
				MACOSX_DEPLOYMENT_TARGET = 14.0;
				MARKETING_VERSION = 1.0;
				PRODUCT_BUNDLE_IDENTIFIER = edu.HRG.ChatBot;
				PRODUCT_NAME = "$(TARGET_NAME)";
				SWIFT_EMIT_LOC_STRINGS = YES;
				SWIFT_VERSION = 5.0;
			};
			name = Release;
		};
/* End XCBuildConfiguration section */

/* Begin XCConfigurationList section */
		A37AA70F2BC4F40F00A689B7 /* Build configuration list for PBXProject "EchoMate" */ = {
			isa = XCConfigurationList;
			buildConfigurations = (
				A37AA7232BC4F41000A689B7 /* Debug */,
				A37AA7242BC4F41000A689B7 /* Release */,
			);
			defaultConfigurationIsVisible = 0;
			defaultConfigurationName = Release;
		};
		A37AA7252BC4F41000A689B7 /* Build configuration list for PBXNativeTarget "EchoMate" */ = {
			isa = XCConfigurationList;
			buildConfigurations = (
				A37AA7262BC4F41000A689B7 /* Debug */,
				A37AA7272BC4F41000A689B7 /* Release */,
			);
			defaultConfigurationIsVisible = 0;
			defaultConfigurationName = Release;
		};
/* End XCConfigurationList section */
	};
	rootObject = A37AA70C2BC4F40F00A689B7 /* Project object */;
}
